
Microsoft Visual Studio Solution File, Format Version 12.00
# Visual Studio Version 17
VisualStudioVersion = 17.0.31903.59
MinimumVisualStudioVersion = 10.0.40219.1
Project("{2150E333-8FDC-42A3-9474-1A3956D46DE8}") = "src", "src", "{827E0CD3-B72D-47B6-A68D-7590B98EB39B}"
EndProject
Project("{2150E333-8FDC-42A3-9474-1A3956D46DE8}") = "Products", "Products", "{5B7800DA-4F27-D549-7B13-D06F33AE47BF}"
EndProject
Project("{FAE04EC0-301F-11D3-BF4B-00C04F79EFBC}") = "InnoShop.Products.Api", "src\Products\InnoShop.Products.Api\InnoShop.Products.Api.csproj", "{AD4D4F10-DEED-4C2D-ABAA-8EFD5951956B}"
EndProject
Project("{FAE04EC0-301F-11D3-BF4B-00C04F79EFBC}") = "InnoShop.Products.Application", "src\Products\InnoShop.Products.Application\InnoShop.Products.Application.csproj", "{2BC09F97-E717-46E8-A427-A1D5677DE816}"
EndProject
Project("{FAE04EC0-301F-11D3-BF4B-00C04F79EFBC}") = "InnoShop.Products.Contracts", "src\Products\InnoShop.Products.Contracts\InnoShop.Products.Contracts.csproj", "{D5D98AF0-EF02-4B52-970A-ACCB29E183CF}"
EndProject
Project("{FAE04EC0-301F-11D3-BF4B-00C04F79EFBC}") = "InnoShop.Products.Domain", "src\Products\InnoShop.Products.Domain\InnoShop.Products.Domain.csproj", "{5505010C-ED1D-411C-A625-DD69D11707C9}"
EndProject
Project("{FAE04EC0-301F-11D3-BF4B-00C04F79EFBC}") = "InnoShop.Products.Infrastructure", "src\Products\InnoShop.Products.Infrastructure\InnoShop.Products.Infrastructure.csproj", "{5AD5BF4C-632C-4AE9-AFE4-828F94DB5A4C}"
EndProject
Project("{2150E333-8FDC-42A3-9474-1A3956D46DE8}") = "Users", "Users", "{8D35EFEC-78C4-8934-F699-CDC21DCDF895}"
EndProject
Project("{FAE04EC0-301F-11D3-BF4B-00C04F79EFBC}") = "InnoShop.Users.Api", "src\Users\InnoShop.Users.Api\InnoShop.Users.Api.csproj", "{E2F0011C-1859-4999-B058-EC6EB6518E88}"
EndProject
Project("{FAE04EC0-301F-11D3-BF4B-00C04F79EFBC}") = "InnoShop.Users.Application", "src\Users\InnoShop.Users.Application\InnoShop.Users.Application.csproj", "{69538DCC-AF67-44DD-AB34-C7F4A32B0A09}"
EndProject
Project("{FAE04EC0-301F-11D3-BF4B-00C04F79EFBC}") = "InnoShop.Users.Contracts", "src\Users\InnoShop.Users.Contracts\InnoShop.Users.Contracts.csproj", "{3D8F7AC8-E4B6-4A46-A834-231D7403F067}"
EndProject
Project("{FAE04EC0-301F-11D3-BF4B-00C04F79EFBC}") = "InnoShop.Users.Domain", "src\Users\InnoShop.Users.Domain\InnoShop.Users.Domain.csproj", "{BF8C7ADE-916E-4716-9099-CA6D70CEEA03}"
EndProject
Project("{FAE04EC0-301F-11D3-BF4B-00C04F79EFBC}") = "InnoShop.Users.Infrastructure", "src\Users\InnoShop.Users.Infrastructure\InnoShop.Users.Infrastructure.csproj", "{A9504F84-0A7C-4176-8A7F-599C92A51DD7}"
EndProject
Global
	GlobalSection(SolutionConfigurationPlatforms) = preSolution
		Debug|Any CPU = Debug|Any CPU
		Debug|x64 = Debug|x64
		Debug|x86 = Debug|x86
		Release|Any CPU = Release|Any CPU
		Release|x64 = Release|x64
		Release|x86 = Release|x86
	EndGlobalSection
	GlobalSection(ProjectConfigurationPlatforms) = postSolution
		{AD4D4F10-DEED-4C2D-ABAA-8EFD5951956B}.Debug|Any CPU.ActiveCfg = Debug|Any CPU
		{AD4D4F10-DEED-4C2D-ABAA-8EFD5951956B}.Debug|Any CPU.Build.0 = Debug|Any CPU
		{AD4D4F10-DEED-4C2D-ABAA-8EFD5951956B}.Debug|x64.ActiveCfg = Debug|Any CPU
		{AD4D4F10-DEED-4C2D-ABAA-8EFD5951956B}.Debug|x64.Build.0 = Debug|Any CPU
		{AD4D4F10-DEED-4C2D-ABAA-8EFD5951956B}.Debug|x86.ActiveCfg = Debug|Any CPU
		{AD4D4F10-DEED-4C2D-ABAA-8EFD5951956B}.Debug|x86.Build.0 = Debug|Any CPU
		{AD4D4F10-DEED-4C2D-ABAA-8EFD5951956B}.Release|Any CPU.ActiveCfg = Release|Any CPU
		{AD4D4F10-DEED-4C2D-ABAA-8EFD5951956B}.Release|Any CPU.Build.0 = Release|Any CPU
		{AD4D4F10-DEED-4C2D-ABAA-8EFD5951956B}.Release|x64.ActiveCfg = Release|Any CPU
		{AD4D4F10-DEED-4C2D-ABAA-8EFD5951956B}.Release|x64.Build.0 = Release|Any CPU
		{AD4D4F10-DEED-4C2D-ABAA-8EFD5951956B}.Release|x86.ActiveCfg = Release|Any CPU
		{AD4D4F10-DEED-4C2D-ABAA-8EFD5951956B}.Release|x86.Build.0 = Release|Any CPU
		{2BC09F97-E717-46E8-A427-A1D5677DE816}.Debug|Any CPU.ActiveCfg = Debug|Any CPU
		{2BC09F97-E717-46E8-A427-A1D5677DE816}.Debug|Any CPU.Build.0 = Debug|Any CPU
		{2BC09F97-E717-46E8-A427-A1D5677DE816}.Debug|x64.ActiveCfg = Debug|Any CPU
		{2BC09F97-E717-46E8-A427-A1D5677DE816}.Debug|x64.Build.0 = Debug|Any CPU
		{2BC09F97-E717-46E8-A427-A1D5677DE816}.Debug|x86.ActiveCfg = Debug|Any CPU
		{2BC09F97-E717-46E8-A427-A1D5677DE816}.Debug|x86.Build.0 = Debug|Any CPU
		{2BC09F97-E717-46E8-A427-A1D5677DE816}.Release|Any CPU.ActiveCfg = Release|Any CPU
		{2BC09F97-E717-46E8-A427-A1D5677DE816}.Release|Any CPU.Build.0 = Release|Any CPU
		{2BC09F97-E717-46E8-A427-A1D5677DE816}.Release|x64.ActiveCfg = Release|Any CPU
		{2BC09F97-E717-46E8-A427-A1D5677DE816}.Release|x64.Build.0 = Release|Any CPU
		{2BC09F97-E717-46E8-A427-A1D5677DE816}.Release|x86.ActiveCfg = Release|Any CPU
		{2BC09F97-E717-46E8-A427-A1D5677DE816}.Release|x86.Build.0 = Release|Any CPU
		{D5D98AF0-EF02-4B52-970A-ACCB29E183CF}.Debug|Any CPU.ActiveCfg = Debug|Any CPU
		{D5D98AF0-EF02-4B52-970A-ACCB29E183CF}.Debug|Any CPU.Build.0 = Debug|Any CPU
		{D5D98AF0-EF02-4B52-970A-ACCB29E183CF}.Debug|x64.ActiveCfg = Debug|Any CPU
		{D5D98AF0-EF02-4B52-970A-ACCB29E183CF}.Debug|x64.Build.0 = Debug|Any CPU
		{D5D98AF0-EF02-4B52-970A-ACCB29E183CF}.Debug|x86.ActiveCfg = Debug|Any CPU
		{D5D98AF0-EF02-4B52-970A-ACCB29E183CF}.Debug|x86.Build.0 = Debug|Any CPU
		{D5D98AF0-EF02-4B52-970A-ACCB29E183CF}.Release|Any CPU.ActiveCfg = Release|Any CPU
		{D5D98AF0-EF02-4B52-970A-ACCB29E183CF}.Release|Any CPU.Build.0 = Release|Any CPU
		{D5D98AF0-EF02-4B52-970A-ACCB29E183CF}.Release|x64.ActiveCfg = Release|Any CPU
		{D5D98AF0-EF02-4B52-970A-ACCB29E183CF}.Release|x64.Build.0 = Release|Any CPU
		{D5D98AF0-EF02-4B52-970A-ACCB29E183CF}.Release|x86.ActiveCfg = Release|Any CPU
		{D5D98AF0-EF02-4B52-970A-ACCB29E183CF}.Release|x86.Build.0 = Release|Any CPU
		{5505010C-ED1D-411C-A625-DD69D11707C9}.Debug|Any CPU.ActiveCfg = Debug|Any CPU
		{5505010C-ED1D-411C-A625-DD69D11707C9}.Debug|Any CPU.Build.0 = Debug|Any CPU
		{5505010C-ED1D-411C-A625-DD69D11707C9}.Debug|x64.ActiveCfg = Debug|Any CPU
		{5505010C-ED1D-411C-A625-DD69D11707C9}.Debug|x64.Build.0 = Debug|Any CPU
		{5505010C-ED1D-411C-A625-DD69D11707C9}.Debug|x86.ActiveCfg = Debug|Any CPU
		{5505010C-ED1D-411C-A625-DD69D11707C9}.Debug|x86.Build.0 = Debug|Any CPU
		{5505010C-ED1D-411C-A625-DD69D11707C9}.Release|Any CPU.ActiveCfg = Release|Any CPU
		{5505010C-ED1D-411C-A625-DD69D11707C9}.Release|Any CPU.Build.0 = Release|Any CPU
		{5505010C-ED1D-411C-A625-DD69D11707C9}.Release|x64.ActiveCfg = Release|Any CPU
		{5505010C-ED1D-411C-A625-DD69D11707C9}.Release|x64.Build.0 = Release|Any CPU
		{5505010C-ED1D-411C-A625-DD69D11707C9}.Release|x86.ActiveCfg = Release|Any CPU
		{5505010C-ED1D-411C-A625-DD69D11707C9}.Release|x86.Build.0 = Release|Any CPU
		{5AD5BF4C-632C-4AE9-AFE4-828F94DB5A4C}.Debug|Any CPU.ActiveCfg = Debug|Any CPU
		{5AD5BF4C-632C-4AE9-AFE4-828F94DB5A4C}.Debug|Any CPU.Build.0 = Debug|Any CPU
		{5AD5BF4C-632C-4AE9-AFE4-828F94DB5A4C}.Debug|x64.ActiveCfg = Debug|Any CPU
		{5AD5BF4C-632C-4AE9-AFE4-828F94DB5A4C}.Debug|x64.Build.0 = Debug|Any CPU
		{5AD5BF4C-632C-4AE9-AFE4-828F94DB5A4C}.Debug|x86.ActiveCfg = Debug|Any CPU
		{5AD5BF4C-632C-4AE9-AFE4-828F94DB5A4C}.Debug|x86.Build.0 = Debug|Any CPU
		{5AD5BF4C-632C-4AE9-AFE4-828F94DB5A4C}.Release|Any CPU.ActiveCfg = Release|Any CPU
		{5AD5BF4C-632C-4AE9-AFE4-828F94DB5A4C}.Release|Any CPU.Build.0 = Release|Any CPU
		{5AD5BF4C-632C-4AE9-AFE4-828F94DB5A4C}.Release|x64.ActiveCfg = Release|Any CPU
		{5AD5BF4C-632C-4AE9-AFE4-828F94DB5A4C}.Release|x64.Build.0 = Release|Any CPU
		{5AD5BF4C-632C-4AE9-AFE4-828F94DB5A4C}.Release|x86.ActiveCfg = Release|Any CPU
		{5AD5BF4C-632C-4AE9-AFE4-828F94DB5A4C}.Release|x86.Build.0 = Release|Any CPU
		{E2F0011C-1859-4999-B058-EC6EB6518E88}.Debug|Any CPU.ActiveCfg = Debug|Any CPU
		{E2F0011C-1859-4999-B058-EC6EB6518E88}.Debug|Any CPU.Build.0 = Debug|Any CPU
		{E2F0011C-1859-4999-B058-EC6EB6518E88}.Debug|x64.ActiveCfg = Debug|Any CPU
		{E2F0011C-1859-4999-B058-EC6EB6518E88}.Debug|x64.Build.0 = Debug|Any CPU
		{E2F0011C-1859-4999-B058-EC6EB6518E88}.Debug|x86.ActiveCfg = Debug|Any CPU
		{E2F0011C-1859-4999-B058-EC6EB6518E88}.Debug|x86.Build.0 = Debug|Any CPU
		{E2F0011C-1859-4999-B058-EC6EB6518E88}.Release|Any CPU.ActiveCfg = Release|Any CPU
		{E2F0011C-1859-4999-B058-EC6EB6518E88}.Release|Any CPU.Build.0 = Release|Any CPU
		{E2F0011C-1859-4999-B058-EC6EB6518E88}.Release|x64.ActiveCfg = Release|Any CPU
		{E2F0011C-1859-4999-B058-EC6EB6518E88}.Release|x64.Build.0 = Release|Any CPU
		{E2F0011C-1859-4999-B058-EC6EB6518E88}.Release|x86.ActiveCfg = Release|Any CPU
		{E2F0011C-1859-4999-B058-EC6EB6518E88}.Release|x86.Build.0 = Release|Any CPU
		{69538DCC-AF67-44DD-AB34-C7F4A32B0A09}.Debug|Any CPU.ActiveCfg = Debug|Any CPU
		{69538DCC-AF67-44DD-AB34-C7F4A32B0A09}.Debug|Any CPU.Build.0 = Debug|Any CPU
		{69538DCC-AF67-44DD-AB34-C7F4A32B0A09}.Debug|x64.ActiveCfg = Debug|Any CPU
		{69538DCC-AF67-44DD-AB34-C7F4A32B0A09}.Debug|x64.Build.0 = Debug|Any CPU
		{69538DCC-AF67-44DD-AB34-C7F4A32B0A09}.Debug|x86.ActiveCfg = Debug|Any CPU
		{69538DCC-AF67-44DD-AB34-C7F4A32B0A09}.Debug|x86.Build.0 = Debug|Any CPU
		{69538DCC-AF67-44DD-AB34-C7F4A32B0A09}.Release|Any CPU.ActiveCfg = Release|Any CPU
		{69538DCC-AF67-44DD-AB34-C7F4A32B0A09}.Release|Any CPU.Build.0 = Release|Any CPU
		{69538DCC-AF67-44DD-AB34-C7F4A32B0A09}.Release|x64.ActiveCfg = Release|Any CPU
		{69538DCC-AF67-44DD-AB34-C7F4A32B0A09}.Release|x64.Build.0 = Release|Any CPU
		{69538DCC-AF67-44DD-AB34-C7F4A32B0A09}.Release|x86.ActiveCfg = Release|Any CPU
		{69538DCC-AF67-44DD-AB34-C7F4A32B0A09}.Release|x86.Build.0 = Release|Any CPU
		{3D8F7AC8-E4B6-4A46-A834-231D7403F067}.Debug|Any CPU.ActiveCfg = Debug|Any CPU
		{3D8F7AC8-E4B6-4A46-A834-231D7403F067}.Debug|Any CPU.Build.0 = Debug|Any CPU
		{3D8F7AC8-E4B6-4A46-A834-231D7403F067}.Debug|x64.ActiveCfg = Debug|Any CPU
		{3D8F7AC8-E4B6-4A46-A834-231D7403F067}.Debug|x64.Build.0 = Debug|Any CPU
		{3D8F7AC8-E4B6-4A46-A834-231D7403F067}.Debug|x86.ActiveCfg = Debug|Any CPU
		{3D8F7AC8-E4B6-4A46-A834-231D7403F067}.Debug|x86.Build.0 = Debug|Any CPU
		{3D8F7AC8-E4B6-4A46-A834-231D7403F067}.Release|Any CPU.ActiveCfg = Release|Any CPU
		{3D8F7AC8-E4B6-4A46-A834-231D7403F067}.Release|Any CPU.Build.0 = Release|Any CPU
		{3D8F7AC8-E4B6-4A46-A834-231D7403F067}.Release|x64.ActiveCfg = Release|Any CPU
		{3D8F7AC8-E4B6-4A46-A834-231D7403F067}.Release|x64.Build.0 = Release|Any CPU
		{3D8F7AC8-E4B6-4A46-A834-231D7403F067}.Release|x86.ActiveCfg = Release|Any CPU
		{3D8F7AC8-E4B6-4A46-A834-231D7403F067}.Release|x86.Build.0 = Release|Any CPU
		{BF8C7ADE-916E-4716-9099-CA6D70CEEA03}.Debug|Any CPU.ActiveCfg = Debug|Any CPU
		{BF8C7ADE-916E-4716-9099-CA6D70CEEA03}.Debug|Any CPU.Build.0 = Debug|Any CPU
		{BF8C7ADE-916E-4716-9099-CA6D70CEEA03}.Debug|x64.ActiveCfg = Debug|Any CPU
		{BF8C7ADE-916E-4716-9099-CA6D70CEEA03}.Debug|x64.Build.0 = Debug|Any CPU
		{BF8C7ADE-916E-4716-9099-CA6D70CEEA03}.Debug|x86.ActiveCfg = Debug|Any CPU
		{BF8C7ADE-916E-4716-9099-CA6D70CEEA03}.Debug|x86.Build.0 = Debug|Any CPU
		{BF8C7ADE-916E-4716-9099-CA6D70CEEA03}.Release|Any CPU.ActiveCfg = Release|Any CPU
		{BF8C7ADE-916E-4716-9099-CA6D70CEEA03}.Release|Any CPU.Build.0 = Release|Any CPU
		{BF8C7ADE-916E-4716-9099-CA6D70CEEA03}.Release|x64.ActiveCfg = Release|Any CPU
		{BF8C7ADE-916E-4716-9099-CA6D70CEEA03}.Release|x64.Build.0 = Release|Any CPU
		{BF8C7ADE-916E-4716-9099-CA6D70CEEA03}.Release|x86.ActiveCfg = Release|Any CPU
		{BF8C7ADE-916E-4716-9099-CA6D70CEEA03}.Release|x86.Build.0 = Release|Any CPU
		{A9504F84-0A7C-4176-8A7F-599C92A51DD7}.Debug|Any CPU.ActiveCfg = Debug|Any CPU
		{A9504F84-0A7C-4176-8A7F-599C92A51DD7}.Debug|Any CPU.Build.0 = Debug|Any CPU
		{A9504F84-0A7C-4176-8A7F-599C92A51DD7}.Debug|x64.ActiveCfg = Debug|Any CPU
		{A9504F84-0A7C-4176-8A7F-599C92A51DD7}.Debug|x64.Build.0 = Debug|Any CPU
		{A9504F84-0A7C-4176-8A7F-599C92A51DD7}.Debug|x86.ActiveCfg = Debug|Any CPU
		{A9504F84-0A7C-4176-8A7F-599C92A51DD7}.Debug|x86.Build.0 = Debug|Any CPU
		{A9504F84-0A7C-4176-8A7F-599C92A51DD7}.Release|Any CPU.ActiveCfg = Release|Any CPU
		{A9504F84-0A7C-4176-8A7F-599C92A51DD7}.Release|Any CPU.Build.0 = Release|Any CPU
		{A9504F84-0A7C-4176-8A7F-599C92A51DD7}.Release|x64.ActiveCfg = Release|Any CPU
		{A9504F84-0A7C-4176-8A7F-599C92A51DD7}.Release|x64.Build.0 = Release|Any CPU
		{A9504F84-0A7C-4176-8A7F-599C92A51DD7}.Release|x86.ActiveCfg = Release|Any CPU
		{A9504F84-0A7C-4176-8A7F-599C92A51DD7}.Release|x86.Build.0 = Release|Any CPU
	EndGlobalSection
	GlobalSection(SolutionProperties) = preSolution
		HideSolutionNode = FALSE
	EndGlobalSection
	GlobalSection(NestedProjects) = preSolution
		{5B7800DA-4F27-D549-7B13-D06F33AE47BF} = {827E0CD3-B72D-47B6-A68D-7590B98EB39B}
		{AD4D4F10-DEED-4C2D-ABAA-8EFD5951956B} = {5B7800DA-4F27-D549-7B13-D06F33AE47BF}
		{2BC09F97-E717-46E8-A427-A1D5677DE816} = {5B7800DA-4F27-D549-7B13-D06F33AE47BF}
		{D5D98AF0-EF02-4B52-970A-ACCB29E183CF} = {5B7800DA-4F27-D549-7B13-D06F33AE47BF}
		{5505010C-ED1D-411C-A625-DD69D11707C9} = {5B7800DA-4F27-D549-7B13-D06F33AE47BF}
		{5AD5BF4C-632C-4AE9-AFE4-828F94DB5A4C} = {5B7800DA-4F27-D549-7B13-D06F33AE47BF}
		{8D35EFEC-78C4-8934-F699-CDC21DCDF895} = {827E0CD3-B72D-47B6-A68D-7590B98EB39B}
		{E2F0011C-1859-4999-B058-EC6EB6518E88} = {8D35EFEC-78C4-8934-F699-CDC21DCDF895}
		{69538DCC-AF67-44DD-AB34-C7F4A32B0A09} = {8D35EFEC-78C4-8934-F699-CDC21DCDF895}
		{3D8F7AC8-E4B6-4A46-A834-231D7403F067} = {8D35EFEC-78C4-8934-F699-CDC21DCDF895}
		{BF8C7ADE-916E-4716-9099-CA6D70CEEA03} = {8D35EFEC-78C4-8934-F699-CDC21DCDF895}
		{A9504F84-0A7C-4176-8A7F-599C92A51DD7} = {8D35EFEC-78C4-8934-F699-CDC21DCDF895}
	EndGlobalSection
EndGlobal
